
Microsoft Visual Studio Solution File, Format Version 12.00
# Visual Studio Version 17
VisualStudioVersion = 17.7.34031.279
MinimumVisualStudioVersion = 10.0.40219.1
Project("{9A19103F-16F7-4668-BE54-9A1E7A4F7556}") = "GameApp", "GameApp\GameApp.csproj", "{1683511C-7AA2-44C1-84DE-9188DC4BA733}"
EndProject
Project("{9A19103F-16F7-4668-BE54-9A1E7A4F7556}") = "GameApp.Core", "GameApp.Core\GameApp.Core.csproj", "{F96EF778-3643-4018-9B4C-0D1390974958}"
EndProject
Project("{9A19103F-16F7-4668-BE54-9A1E7A4F7556}") = "GameApp.Interfaces", "GameApp.Interfaces\GameApp.Interfaces.csproj", "{E49DA35B-CF03-44EE-8FB1-8673A90693E8}"
EndProject
Project("{9A19103F-16F7-4668-BE54-9A1E7A4F7556}") = "GameApp.DAOMock1", "GameApp.DAOMock1\GameApp.DAOMock1.csproj", "{0DE0F014-AD7F-464F-B757-050738CE2AE6}"
EndProject
Project("{9A19103F-16F7-4668-BE54-9A1E7A4F7556}") = "GameApp.DAOSQLite", "GameApp.DAOSQLite\GameApp.DAOSQLite.csproj", "{8C9830B1-2BE2-4F70-B5A2-001404AA0AA9}"
EndProject
Project("{9A19103F-16F7-4668-BE54-9A1E7A4F7556}") = "GameApp.BLC", "GameApp.BLC\GameApp.BLC.csproj", "{A7A414C5-D598-439F-AE74-D28204F8BB56}"
EndProject
Project("{FAE04EC0-301F-11D3-BF4B-00C04F79EFBC}") = "GamesAppMaui", "GamesAppMaui\GamesAppMaui.csproj", "{705737F9-C7CA-4412-9021-0E7B31F59A3D}"
EndProject
Global
	GlobalSection(SolutionConfigurationPlatforms) = preSolution
		Debug|Any CPU = Debug|Any CPU
		Release|Any CPU = Release|Any CPU
	EndGlobalSection
	GlobalSection(ProjectConfigurationPlatforms) = postSolution
		{1683511C-7AA2-44C1-84DE-9188DC4BA733}.Debug|Any CPU.ActiveCfg = Debug|Any CPU
		{1683511C-7AA2-44C1-84DE-9188DC4BA733}.Debug|Any CPU.Build.0 = Debug|Any CPU
		{1683511C-7AA2-44C1-84DE-9188DC4BA733}.Release|Any CPU.ActiveCfg = Release|Any CPU
		{1683511C-7AA2-44C1-84DE-9188DC4BA733}.Release|Any CPU.Build.0 = Release|Any CPU
		{F96EF778-3643-4018-9B4C-0D1390974958}.Debug|Any CPU.ActiveCfg = Debug|Any CPU
		{F96EF778-3643-4018-9B4C-0D1390974958}.Debug|Any CPU.Build.0 = Debug|Any CPU
		{F96EF778-3643-4018-9B4C-0D1390974958}.Release|Any CPU.ActiveCfg = Release|Any CPU
		{F96EF778-3643-4018-9B4C-0D1390974958}.Release|Any CPU.Build.0 = Release|Any CPU
		{E49DA35B-CF03-44EE-8FB1-8673A90693E8}.Debug|Any CPU.ActiveCfg = Debug|Any CPU
		{E49DA35B-CF03-44EE-8FB1-8673A90693E8}.Debug|Any CPU.Build.0 = Debug|Any CPU
		{E49DA35B-CF03-44EE-8FB1-8673A90693E8}.Release|Any CPU.ActiveCfg = Release|Any CPU
		{E49DA35B-CF03-44EE-8FB1-8673A90693E8}.Release|Any CPU.Build.0 = Release|Any CPU
		{0DE0F014-AD7F-464F-B757-050738CE2AE6}.Debug|Any CPU.ActiveCfg = Debug|Any CPU
		{0DE0F014-AD7F-464F-B757-050738CE2AE6}.Debug|Any CPU.Build.0 = Debug|Any CPU
		{0DE0F014-AD7F-464F-B757-050738CE2AE6}.Release|Any CPU.ActiveCfg = Release|Any CPU
		{0DE0F014-AD7F-464F-B757-050738CE2AE6}.Release|Any CPU.Build.0 = Release|Any CPU
		{8C9830B1-2BE2-4F70-B5A2-001404AA0AA9}.Debug|Any CPU.ActiveCfg = Debug|Any CPU
		{8C9830B1-2BE2-4F70-B5A2-001404AA0AA9}.Debug|Any CPU.Build.0 = Debug|Any CPU
		{8C9830B1-2BE2-4F70-B5A2-001404AA0AA9}.Release|Any CPU.ActiveCfg = Release|Any CPU
		{8C9830B1-2BE2-4F70-B5A2-001404AA0AA9}.Release|Any CPU.Build.0 = Release|Any CPU
		{A7A414C5-D598-439F-AE74-D28204F8BB56}.Debug|Any CPU.ActiveCfg = Debug|Any CPU
		{A7A414C5-D598-439F-AE74-D28204F8BB56}.Debug|Any CPU.Build.0 = Debug|Any CPU
		{A7A414C5-D598-439F-AE74-D28204F8BB56}.Release|Any CPU.ActiveCfg = Release|Any CPU
		{A7A414C5-D598-439F-AE74-D28204F8BB56}.Release|Any CPU.Build.0 = Release|Any CPU
		{705737F9-C7CA-4412-9021-0E7B31F59A3D}.Debug|Any CPU.ActiveCfg = Debug|Any CPU
		{705737F9-C7CA-4412-9021-0E7B31F59A3D}.Debug|Any CPU.Build.0 = Debug|Any CPU
		{705737F9-C7CA-4412-9021-0E7B31F59A3D}.Debug|Any CPU.Deploy.0 = Debug|Any CPU
		{705737F9-C7CA-4412-9021-0E7B31F59A3D}.Release|Any CPU.ActiveCfg = Release|Any CPU
		{705737F9-C7CA-4412-9021-0E7B31F59A3D}.Release|Any CPU.Build.0 = Release|Any CPU
		{705737F9-C7CA-4412-9021-0E7B31F59A3D}.Release|Any CPU.Deploy.0 = Release|Any CPU
	EndGlobalSection
	GlobalSection(SolutionProperties) = preSolution
		HideSolutionNode = FALSE
	EndGlobalSection
	GlobalSection(ExtensibilityGlobals) = postSolution
		SolutionGuid = {D6AAAA49-A013-4ADA-82B6-378BEFE02EF4}
	EndGlobalSection
EndGlobal
